
Microsoft Visual Studio Solution File, Format Version 12.00
# Visual Studio Version 16
VisualStudioVersion = 16.0.29613.14
MinimumVisualStudioVersion = 10.0.40219.1
Project("{9A19103F-16F7-4668-BE54-9A1E7A4F7556}") = "XamapenCvCam", "XamapenCvCam\XamapenCvCam\XamapenCvCam.csproj", "{699A9F5B-EEF7-4CEC-BA5C-CB40623262A5}"
EndProject
Project("{FAE04EC0-301F-11D3-BF4B-00C04F79EFBC}") = "XamapenCvCam.Android", "XamapenCvCam\XamapenCvCam.Android\XamapenCvCam.Android.csproj", "{AA6ECBB4-C6F5-4A23-A9A4-D24E9FAFDA83}"
EndProject
Project("{8BC9CEB8-8B4A-11D0-8D11-00A0C91BC942}") = "MyOpenCvWrapper", "MyOpenCvWrapper\MyOpenCvWrapper.vcxproj", "{8E35940E-1A45-4CC0-8D51-B502266DB5CA}"
EndProject
Project("{2150E333-8FDC-42A3-9474-1A3956D46DE8}") = "Solution Items", "Solution Items", "{52D609F1-2702-4967-9501-25821EAF65F8}"
	ProjectSection(SolutionItems) = preProject
		README.md = README.md
	EndProjectSection
EndProject
Global
	GlobalSection(SolutionConfigurationPlatforms) = preSolution
		Debug|ARM64 = Debug|ARM64
		Debug|x64 = Debug|x64
		Debug|x86 = Debug|x86
		Release|ARM64 = Release|ARM64
		Release|x64 = Release|x64
		Release|x86 = Release|x86
	EndGlobalSection
	GlobalSection(ProjectConfigurationPlatforms) = postSolution
		{699A9F5B-EEF7-4CEC-BA5C-CB40623262A5}.Debug|ARM64.ActiveCfg = Debug|Any CPU
		{699A9F5B-EEF7-4CEC-BA5C-CB40623262A5}.Debug|ARM64.Build.0 = Debug|Any CPU
		{699A9F5B-EEF7-4CEC-BA5C-CB40623262A5}.Debug|x64.ActiveCfg = Debug|Any CPU
		{699A9F5B-EEF7-4CEC-BA5C-CB40623262A5}.Debug|x64.Build.0 = Debug|Any CPU
		{699A9F5B-EEF7-4CEC-BA5C-CB40623262A5}.Debug|x86.ActiveCfg = Debug|Any CPU
		{699A9F5B-EEF7-4CEC-BA5C-CB40623262A5}.Debug|x86.Build.0 = Debug|Any CPU
		{699A9F5B-EEF7-4CEC-BA5C-CB40623262A5}.Release|ARM64.ActiveCfg = Release|Any CPU
		{699A9F5B-EEF7-4CEC-BA5C-CB40623262A5}.Release|ARM64.Build.0 = Release|Any CPU
		{699A9F5B-EEF7-4CEC-BA5C-CB40623262A5}.Release|x64.ActiveCfg = Release|Any CPU
		{699A9F5B-EEF7-4CEC-BA5C-CB40623262A5}.Release|x64.Build.0 = Release|Any CPU
		{699A9F5B-EEF7-4CEC-BA5C-CB40623262A5}.Release|x86.ActiveCfg = Release|Any CPU
		{699A9F5B-EEF7-4CEC-BA5C-CB40623262A5}.Release|x86.Build.0 = Release|Any CPU
		{AA6ECBB4-C6F5-4A23-A9A4-D24E9FAFDA83}.Debug|ARM64.ActiveCfg = Debug|Any CPU
		{AA6ECBB4-C6F5-4A23-A9A4-D24E9FAFDA83}.Debug|ARM64.Build.0 = Debug|Any CPU
		{AA6ECBB4-C6F5-4A23-A9A4-D24E9FAFDA83}.Debug|ARM64.Deploy.0 = Debug|Any CPU
		{AA6ECBB4-C6F5-4A23-A9A4-D24E9FAFDA83}.Debug|x64.ActiveCfg = Debug|Any CPU
		{AA6ECBB4-C6F5-4A23-A9A4-D24E9FAFDA83}.Debug|x64.Build.0 = Debug|Any CPU
		{AA6ECBB4-C6F5-4A23-A9A4-D24E9FAFDA83}.Debug|x64.Deploy.0 = Debug|Any CPU
		{AA6ECBB4-C6F5-4A23-A9A4-D24E9FAFDA83}.Debug|x86.ActiveCfg = Debug|Any CPU
		{AA6ECBB4-C6F5-4A23-A9A4-D24E9FAFDA83}.Debug|x86.Build.0 = Debug|Any CPU
		{AA6ECBB4-C6F5-4A23-A9A4-D24E9FAFDA83}.Debug|x86.Deploy.0 = Debug|Any CPU
		{AA6ECBB4-C6F5-4A23-A9A4-D24E9FAFDA83}.Release|ARM64.ActiveCfg = Release|Any CPU
		{AA6ECBB4-C6F5-4A23-A9A4-D24E9FAFDA83}.Release|ARM64.Build.0 = Release|Any CPU
		{AA6ECBB4-C6F5-4A23-A9A4-D24E9FAFDA83}.Release|ARM64.Deploy.0 = Release|Any CPU
		{AA6ECBB4-C6F5-4A23-A9A4-D24E9FAFDA83}.Release|x64.ActiveCfg = Release|Any CPU
		{AA6ECBB4-C6F5-4A23-A9A4-D24E9FAFDA83}.Release|x64.Build.0 = Release|Any CPU
		{AA6ECBB4-C6F5-4A23-A9A4-D24E9FAFDA83}.Release|x64.Deploy.0 = Release|Any CPU
		{AA6ECBB4-C6F5-4A23-A9A4-D24E9FAFDA83}.Release|x86.ActiveCfg = Release|Any CPU
		{AA6ECBB4-C6F5-4A23-A9A4-D24E9FAFDA83}.Release|x86.Build.0 = Release|Any CPU
		{AA6ECBB4-C6F5-4A23-A9A4-D24E9FAFDA83}.Release|x86.Deploy.0 = Release|Any CPU
		{8E35940E-1A45-4CC0-8D51-B502266DB5CA}.Debug|ARM64.ActiveCfg = Debug|ARM64
		{8E35940E-1A45-4CC0-8D51-B502266DB5CA}.Debug|ARM64.Build.0 = Debug|ARM64
		{8E35940E-1A45-4CC0-8D51-B502266DB5CA}.Debug|x64.ActiveCfg = Debug|x64
		{8E35940E-1A45-4CC0-8D51-B502266DB5CA}.Debug|x64.Build.0 = Debug|x64
		{8E35940E-1A45-4CC0-8D51-B502266DB5CA}.Debug|x86.ActiveCfg = Debug|x86
		{8E35940E-1A45-4CC0-8D51-B502266DB5CA}.Debug|x86.Build.0 = Debug|x86
		{8E35940E-1A45-4CC0-8D51-B502266DB5CA}.Release|ARM64.ActiveCfg = Debug|ARM
		{8E35940E-1A45-4CC0-8D51-B502266DB5CA}.Release|ARM64.Build.0 = Debug|ARM
		{8E35940E-1A45-4CC0-8D51-B502266DB5CA}.Release|x64.ActiveCfg = Debug|ARM
		{8E35940E-1A45-4CC0-8D51-B502266DB5CA}.Release|x64.Build.0 = Debug|ARM
		{8E35940E-1A45-4CC0-8D51-B502266DB5CA}.Release|x86.ActiveCfg = Debug|ARM
		{8E35940E-1A45-4CC0-8D51-B502266DB5CA}.Release|x86.Build.0 = Debug|ARM
	EndGlobalSection
	GlobalSection(SolutionProperties) = preSolution
		HideSolutionNode = FALSE
	EndGlobalSection
	GlobalSection(ExtensibilityGlobals) = postSolution
		SolutionGuid = {86D55D34-B4A7-4F99-9C9D-CF367674EA5E}
	EndGlobalSection
EndGlobal
